// !$*UTF8*$!
{
	archiveVersion = 1;
	classes = {
	};
	objectVersion = 56;
	objects = {

/* Begin PBXBuildFile section */
		550246B92A14B2C90091D796 /* UserInteraction.swift in Sources */ = {isa = PBXBuildFile; fileRef = 550246B82A14B2C90091D796 /* UserInteraction.swift */; };
		550246BB2A14BC8E0091D796 /* LoginOption.swift in Sources */ = {isa = PBXBuildFile; fileRef = 550246BA2A14BC8E0091D796 /* LoginOption.swift */; };
		550246C12A14BDED0091D796 /* MenuLogicView.swift in Sources */ = {isa = PBXBuildFile; fileRef = 550246C02A14BDED0091D796 /* MenuLogicView.swift */; };
		550DDAC92A2F19FB007F6B72 /* TransportationType.swift in Sources */ = {isa = PBXBuildFile; fileRef = 550DDAC82A2F19FB007F6B72 /* TransportationType.swift */; };
		550DDACB2A2F43E9007F6B72 /* ModeOfTransportMileage.swift in Sources */ = {isa = PBXBuildFile; fileRef = 550DDACA2A2F43E9007F6B72 /* ModeOfTransportMileage.swift */; };
		550DDACD2A2F570F007F6B72 /* TransportMode.swift in Sources */ = {isa = PBXBuildFile; fileRef = 550DDACC2A2F570F007F6B72 /* TransportMode.swift */; };
		550DDAD22A3062E8007F6B72 /* TransportData.swift in Sources */ = {isa = PBXBuildFile; fileRef = 550DDAD12A3062E8007F6B72 /* TransportData.swift */; };
		550DDAD42A30631A007F6B72 /* EnergyData.swift in Sources */ = {isa = PBXBuildFile; fileRef = 550DDAD32A30631A007F6B72 /* EnergyData.swift */; };
		550DDAD62A306357007F6B72 /* CarbonFootprintData.swift in Sources */ = {isa = PBXBuildFile; fileRef = 550DDAD52A306357007F6B72 /* CarbonFootprintData.swift */; };
		550DDADB2A30A41F007F6B72 /* EmissionType.swift in Sources */ = {isa = PBXBuildFile; fileRef = 550DDADA2A30A41F007F6B72 /* EmissionType.swift */; };
		550DDADD2A31AC0E007F6B72 /* RCarbonFootprint.swift in Sources */ = {isa = PBXBuildFile; fileRef = 550DDADC2A31AC0E007F6B72 /* RCarbonFootprint.swift */; };
		550E229D2A0B67770047A491 /* main.swift in Sources */ = {isa = PBXBuildFile; fileRef = 550E229C2A0B67770047A491 /* main.swift */; };
		554625D12A0CCB2C0029A1C9 /* MenuOption.swift in Sources */ = {isa = PBXBuildFile; fileRef = 554625D02A0CCB2C0029A1C9 /* MenuOption.swift */; };
		554625D52A0CCB9E0029A1C9 /* MenuController.swift in Sources */ = {isa = PBXBuildFile; fileRef = 554625D42A0CCB9E0029A1C9 /* MenuController.swift */; };
		554625D72A0CE8CF0029A1C9 /* CarbonFootprintModel.swift in Sources */ = {isa = PBXBuildFile; fileRef = 554625D62A0CE8CF0029A1C9 /* CarbonFootprintModel.swift */; };
		554625DB2A0D14430029A1C9 /* CFCalculatorOption.swift in Sources */ = {isa = PBXBuildFile; fileRef = 554625DA2A0D14430029A1C9 /* CFCalculatorOption.swift */; };
		554625DD2A0D15760029A1C9 /* Co2eCalculatorController.swift in Sources */ = {isa = PBXBuildFile; fileRef = 554625DC2A0D15760029A1C9 /* Co2eCalculatorController.swift */; };
		554625E02A0D17120029A1C9 /* CFCarbonFootprinCalcModel.swift in Sources */ = {isa = PBXBuildFile; fileRef = 554625DF2A0D17120029A1C9 /* CFCarbonFootprinCalcModel.swift */; };
		556F28AB2A3C31E20053BFA3 /* CarbonOffsetFlowController.swift in Sources */ = {isa = PBXBuildFile; fileRef = 556F28AA2A3C31E20053BFA3 /* CarbonOffsetFlowController.swift */; };
		556F28AF2A3C33FE0053BFA3 /* CarbonOffsetConsoleView.swift in Sources */ = {isa = PBXBuildFile; fileRef = 556F28AE2A3C33FE0053BFA3 /* CarbonOffsetConsoleView.swift */; };
		556F28B72A3C3A050053BFA3 /* RevampedCarbonCredit.swift in Sources */ = {isa = PBXBuildFile; fileRef = 556F28B62A3C3A050053BFA3 /* RevampedCarbonCredit.swift */; };
		5579A80F2A13B41C00DF19B5 /* CarbonFootprintCalculator.swift in Sources */ = {isa = PBXBuildFile; fileRef = 5579A80E2A13B41C00DF19B5 /* CarbonFootprintCalculator.swift */; };
		5579A8112A13B86300DF19B5 /* CFCalculatorView.swift in Sources */ = {isa = PBXBuildFile; fileRef = 5579A8102A13B86300DF19B5 /* CFCalculatorView.swift */; };
		5579A8142A13B95200DF19B5 /* CalculatorCategoryOption.swift in Sources */ = {isa = PBXBuildFile; fileRef = 5579A8132A13B95200DF19B5 /* CalculatorCategoryOption.swift */; };
		5579A8162A14A3E500DF19B5 /* CFCalculatorController.swift in Sources */ = {isa = PBXBuildFile; fileRef = 5579A8152A14A3E500DF19B5 /* CFCalculatorController.swift */; };
		55854C612A0E12F400D00A88 /* CredentialController.swift in Sources */ = {isa = PBXBuildFile; fileRef = 55854C602A0E12F400D00A88 /* CredentialController.swift */; };
		55B19C602A1E20F800402D03 /* CarbonGoal.swift in Sources */ = {isa = PBXBuildFile; fileRef = 55B19C5F2A1E20F800402D03 /* CarbonGoal.swift */; };
		55B19C622A1E212100402D03 /* Goal.swift in Sources */ = {isa = PBXBuildFile; fileRef = 55B19C612A1E212100402D03 /* Goal.swift */; };
		55B19C642A1E43A400402D03 /* AddGoalController.swift in Sources */ = {isa = PBXBuildFile; fileRef = 55B19C632A1E43A400402D03 /* AddGoalController.swift */; };
		55B19C6A2A1E44FE00402D03 /* GoalMenuView.swift in Sources */ = {isa = PBXBuildFile; fileRef = 55B19C692A1E44FE00402D03 /* GoalMenuView.swift */; };
		55B2E54F2A0B707900E28469 /* User.swift in Sources */ = {isa = PBXBuildFile; fileRef = 55B2E54E2A0B707900E28469 /* User.swift */; };
		55B2E5512A0B70B900E28469 /* LogicView.swift in Sources */ = {isa = PBXBuildFile; fileRef = 55B2E5502A0B70B900E28469 /* LogicView.swift */; };
		55B2E5532A0B72CE00E28469 /* LoginController.swift in Sources */ = {isa = PBXBuildFile; fileRef = 55B2E5522A0B72CE00E28469 /* LoginController.swift */; };
		55B2E55C2A0B9E2200E28469 /* CarbonCoreData.xcdatamodeld in Sources */ = {isa = PBXBuildFile; fileRef = 55B2E55A2A0B9E2200E28469 /* CarbonCoreData.xcdatamodeld */; };
		55B2E55E2A0BA1C100E28469 /* DataController.swift in Sources */ = {isa = PBXBuildFile; fileRef = 55B2E55D2A0BA1C100E28469 /* DataController.swift */; };
		55B2E56A2A0BAD9E00E28469 /* CarbonFootprintEntry.swift in Sources */ = {isa = PBXBuildFile; fileRef = 55B2E5692A0BAD9E00E28469 /* CarbonFootprintEntry.swift */; };
		55B2E5702A0BAE8E00E28469 /* CarbonFootprintCategory.swift in Sources */ = {isa = PBXBuildFile; fileRef = 55B2E56F2A0BAE8E00E28469 /* CarbonFootprintCategory.swift */; };
		55B2E5732A0BC32000E28469 /* InitialConsoleView.swift in Sources */ = {isa = PBXBuildFile; fileRef = 55B2E5722A0BC32000E28469 /* InitialConsoleView.swift */; };
		55B2E57B2A0BCC6E00E28469 /* ViewFlow.swift in Sources */ = {isa = PBXBuildFile; fileRef = 55B2E57A2A0BCC6E00E28469 /* ViewFlow.swift */; };
		55D1B8A72A175A3D000A8346 /* CFOffsetView.swift in Sources */ = {isa = PBXBuildFile; fileRef = 55D1B8A62A175A3D000A8346 /* CFOffsetView.swift */; };
		55D1B8A92A175DB9000A8346 /* OffsetOption.swift in Sources */ = {isa = PBXBuildFile; fileRef = 55D1B8A82A175DB9000A8346 /* OffsetOption.swift */; };
		55D1B8AB2A175E12000A8346 /* CFOffsetController.swift in Sources */ = {isa = PBXBuildFile; fileRef = 55D1B8AA2A175E12000A8346 /* CFOffsetController.swift */; };
		55D1B8AD2A177C0F000A8346 /* OffsetManager.swift in Sources */ = {isa = PBXBuildFile; fileRef = 55D1B8AC2A177C0F000A8346 /* OffsetManager.swift */; };
		55D1B8AF2A177CAD000A8346 /* CarbonCredit.swift in Sources */ = {isa = PBXBuildFile; fileRef = 55D1B8AE2A177CAD000A8346 /* CarbonCredit.swift */; };
		55D1B8B52A1B2C65000A8346 /* CarbonFootprint.swift in Sources */ = {isa = PBXBuildFile; fileRef = 55D1B8B42A1B2C65000A8346 /* CarbonFootprint.swift */; };
		55D1B8B72A1B2D58000A8346 /* Activity.swift in Sources */ = {isa = PBXBuildFile; fileRef = 55D1B8B62A1B2D58000A8346 /* Activity.swift */; };
		55D1B8B92A1B2E8A000A8346 /* FootprintConstant.swift in Sources */ = {isa = PBXBuildFile; fileRef = 55D1B8B82A1B2E8A000A8346 /* FootprintConstant.swift */; };
		55D1B8BB2A1B9FE1000A8346 /* ActivityType.swift in Sources */ = {isa = PBXBuildFile; fileRef = 55D1B8BA2A1B9FE1000A8346 /* ActivityType.swift */; };
		55DCA5822A375294008A4DF2 /* FootprintValidation.swift in Sources */ = {isa = PBXBuildFile; fileRef = 55DCA5812A375294008A4DF2 /* FootprintValidation.swift */; };
		55DCA5842A3756F8008A4DF2 /* GoalProgressCategory.swift in Sources */ = {isa = PBXBuildFile; fileRef = 55DCA5832A3756F8008A4DF2 /* GoalProgressCategory.swift */; };
		55FAAE6D2A41861F00E58DED /* CarbonOffsetCalculator.swift in Sources */ = {isa = PBXBuildFile; fileRef = 55FAAE6C2A41861F00E58DED /* CarbonOffsetCalculator.swift */; };
/* End PBXBuildFile section */

/* Begin PBXCopyFilesBuildPhase section */
		550E22972A0B67770047A491 /* CopyFiles */ = {
			isa = PBXCopyFilesBuildPhase;
			buildActionMask = 2147483647;
			dstPath = /usr/share/man/man1/;
			dstSubfolderSpec = 0;
			files = (
			);
			runOnlyForDeploymentPostprocessing = 1;
		};
/* End PBXCopyFilesBuildPhase section */

/* Begin PBXFileReference section */
		550246B82A14B2C90091D796 /* UserInteraction.swift */ = {isa = PBXFileReference; lastKnownFileType = sourcecode.swift; path = UserInteraction.swift; sourceTree = "<group>"; };
		550246BA2A14BC8E0091D796 /* LoginOption.swift */ = {isa = PBXFileReference; lastKnownFileType = sourcecode.swift; path = LoginOption.swift; sourceTree = "<group>"; };
		550246C02A14BDED0091D796 /* MenuLogicView.swift */ = {isa = PBXFileReference; fileEncoding = 4; lastKnownFileType = sourcecode.swift; path = MenuLogicView.swift; sourceTree = "<group>"; };
		550DDAC82A2F19FB007F6B72 /* TransportationType.swift */ = {isa = PBXFileReference; lastKnownFileType = sourcecode.swift; path = TransportationType.swift; sourceTree = "<group>"; };
		550DDACA2A2F43E9007F6B72 /* ModeOfTransportMileage.swift */ = {isa = PBXFileReference; lastKnownFileType = sourcecode.swift; path = ModeOfTransportMileage.swift; sourceTree = "<group>"; };
		550DDACC2A2F570F007F6B72 /* TransportMode.swift */ = {isa = PBXFileReference; lastKnownFileType = sourcecode.swift; path = TransportMode.swift; sourceTree = "<group>"; };
		550DDAD12A3062E8007F6B72 /* TransportData.swift */ = {isa = PBXFileReference; lastKnownFileType = sourcecode.swift; path = TransportData.swift; sourceTree = "<group>"; };
		550DDAD32A30631A007F6B72 /* EnergyData.swift */ = {isa = PBXFileReference; lastKnownFileType = sourcecode.swift; path = EnergyData.swift; sourceTree = "<group>"; };
		550DDAD52A306357007F6B72 /* CarbonFootprintData.swift */ = {isa = PBXFileReference; lastKnownFileType = sourcecode.swift; path = CarbonFootprintData.swift; sourceTree = "<group>"; };
		550DDADA2A30A41F007F6B72 /* EmissionType.swift */ = {isa = PBXFileReference; lastKnownFileType = sourcecode.swift; path = EmissionType.swift; sourceTree = "<group>"; };
		550DDADC2A31AC0E007F6B72 /* RCarbonFootprint.swift */ = {isa = PBXFileReference; lastKnownFileType = sourcecode.swift; path = RCarbonFootprint.swift; sourceTree = "<group>"; };
		550E22992A0B67770047A491 /* Carbon Footprint */ = {isa = PBXFileReference; explicitFileType = "compiled.mach-o.executable"; includeInIndex = 0; path = "Carbon Footprint"; sourceTree = BUILT_PRODUCTS_DIR; };
		550E229C2A0B67770047A491 /* main.swift */ = {isa = PBXFileReference; lastKnownFileType = sourcecode.swift; path = main.swift; sourceTree = "<group>"; };
		554625D02A0CCB2C0029A1C9 /* MenuOption.swift */ = {isa = PBXFileReference; lastKnownFileType = sourcecode.swift; path = MenuOption.swift; sourceTree = "<group>"; };
		554625D42A0CCB9E0029A1C9 /* MenuController.swift */ = {isa = PBXFileReference; lastKnownFileType = sourcecode.swift; path = MenuController.swift; sourceTree = "<group>"; };
		554625D62A0CE8CF0029A1C9 /* CarbonFootprintModel.swift */ = {isa = PBXFileReference; lastKnownFileType = sourcecode.swift; path = CarbonFootprintModel.swift; sourceTree = "<group>"; };
		554625DA2A0D14430029A1C9 /* CFCalculatorOption.swift */ = {isa = PBXFileReference; lastKnownFileType = sourcecode.swift; path = CFCalculatorOption.swift; sourceTree = "<group>"; };
		554625DC2A0D15760029A1C9 /* Co2eCalculatorController.swift */ = {isa = PBXFileReference; lastKnownFileType = sourcecode.swift; path = Co2eCalculatorController.swift; sourceTree = "<group>"; };
		554625DF2A0D17120029A1C9 /* CFCarbonFootprinCalcModel.swift */ = {isa = PBXFileReference; lastKnownFileType = sourcecode.swift; path = CFCarbonFootprinCalcModel.swift; sourceTree = "<group>"; };
		556F28AA2A3C31E20053BFA3 /* CarbonOffsetFlowController.swift */ = {isa = PBXFileReference; lastKnownFileType = sourcecode.swift; path = CarbonOffsetFlowController.swift; sourceTree = "<group>"; };
		556F28AE2A3C33FE0053BFA3 /* CarbonOffsetConsoleView.swift */ = {isa = PBXFileReference; lastKnownFileType = sourcecode.swift; path = CarbonOffsetConsoleView.swift; sourceTree = "<group>"; };
		556F28B62A3C3A050053BFA3 /* RevampedCarbonCredit.swift */ = {isa = PBXFileReference; lastKnownFileType = sourcecode.swift; path = RevampedCarbonCredit.swift; sourceTree = "<group>"; };
		5579A80E2A13B41C00DF19B5 /* CarbonFootprintCalculator.swift */ = {isa = PBXFileReference; lastKnownFileType = sourcecode.swift; path = CarbonFootprintCalculator.swift; sourceTree = "<group>"; };
		5579A8102A13B86300DF19B5 /* CFCalculatorView.swift */ = {isa = PBXFileReference; lastKnownFileType = sourcecode.swift; path = CFCalculatorView.swift; sourceTree = "<group>"; };
		5579A8132A13B95200DF19B5 /* CalculatorCategoryOption.swift */ = {isa = PBXFileReference; lastKnownFileType = sourcecode.swift; path = CalculatorCategoryOption.swift; sourceTree = "<group>"; };
		5579A8152A14A3E500DF19B5 /* CFCalculatorController.swift */ = {isa = PBXFileReference; lastKnownFileType = sourcecode.swift; path = CFCalculatorController.swift; sourceTree = "<group>"; };
		55854C602A0E12F400D00A88 /* CredentialController.swift */ = {isa = PBXFileReference; lastKnownFileType = sourcecode.swift; path = CredentialController.swift; sourceTree = "<group>"; };
		55B19C5F2A1E20F800402D03 /* CarbonGoal.swift */ = {isa = PBXFileReference; lastKnownFileType = sourcecode.swift; path = CarbonGoal.swift; sourceTree = "<group>"; };
		55B19C612A1E212100402D03 /* Goal.swift */ = {isa = PBXFileReference; lastKnownFileType = sourcecode.swift; path = Goal.swift; sourceTree = "<group>"; };
		55B19C632A1E43A400402D03 /* AddGoalController.swift */ = {isa = PBXFileReference; lastKnownFileType = sourcecode.swift; path = AddGoalController.swift; sourceTree = "<group>"; };
		55B19C692A1E44FE00402D03 /* GoalMenuView.swift */ = {isa = PBXFileReference; lastKnownFileType = sourcecode.swift; path = GoalMenuView.swift; sourceTree = "<group>"; };
		55B2E54E2A0B707900E28469 /* User.swift */ = {isa = PBXFileReference; lastKnownFileType = sourcecode.swift; path = User.swift; sourceTree = "<group>"; };
		55B2E5502A0B70B900E28469 /* LogicView.swift */ = {isa = PBXFileReference; lastKnownFileType = sourcecode.swift; path = LogicView.swift; sourceTree = "<group>"; };
		55B2E5522A0B72CE00E28469 /* LoginController.swift */ = {isa = PBXFileReference; lastKnownFileType = sourcecode.swift; path = LoginController.swift; sourceTree = "<group>"; };
		55B2E55B2A0B9E2200E28469 /* CarbonCoreData.xcdatamodel */ = {isa = PBXFileReference; lastKnownFileType = wrapper.xcdatamodel; path = CarbonCoreData.xcdatamodel; sourceTree = "<group>"; };
		55B2E55D2A0BA1C100E28469 /* DataController.swift */ = {isa = PBXFileReference; lastKnownFileType = sourcecode.swift; path = DataController.swift; sourceTree = "<group>"; };
		55B2E5692A0BAD9E00E28469 /* CarbonFootprintEntry.swift */ = {isa = PBXFileReference; lastKnownFileType = sourcecode.swift; path = CarbonFootprintEntry.swift; sourceTree = "<group>"; };
		55B2E56F2A0BAE8E00E28469 /* CarbonFootprintCategory.swift */ = {isa = PBXFileReference; lastKnownFileType = sourcecode.swift; path = CarbonFootprintCategory.swift; sourceTree = "<group>"; };
		55B2E5722A0BC32000E28469 /* InitialConsoleView.swift */ = {isa = PBXFileReference; lastKnownFileType = sourcecode.swift; path = InitialConsoleView.swift; sourceTree = "<group>"; };
		55B2E57A2A0BCC6E00E28469 /* ViewFlow.swift */ = {isa = PBXFileReference; lastKnownFileType = sourcecode.swift; path = ViewFlow.swift; sourceTree = "<group>"; };
		55D1B8A62A175A3D000A8346 /* CFOffsetView.swift */ = {isa = PBXFileReference; lastKnownFileType = sourcecode.swift; path = CFOffsetView.swift; sourceTree = "<group>"; };
		55D1B8A82A175DB9000A8346 /* OffsetOption.swift */ = {isa = PBXFileReference; lastKnownFileType = sourcecode.swift; path = OffsetOption.swift; sourceTree = "<group>"; };
		55D1B8AA2A175E12000A8346 /* CFOffsetController.swift */ = {isa = PBXFileReference; lastKnownFileType = sourcecode.swift; path = CFOffsetController.swift; sourceTree = "<group>"; };
		55D1B8AC2A177C0F000A8346 /* OffsetManager.swift */ = {isa = PBXFileReference; lastKnownFileType = sourcecode.swift; path = OffsetManager.swift; sourceTree = "<group>"; };
		55D1B8AE2A177CAD000A8346 /* CarbonCredit.swift */ = {isa = PBXFileReference; lastKnownFileType = sourcecode.swift; path = CarbonCredit.swift; sourceTree = "<group>"; };
		55D1B8B42A1B2C65000A8346 /* CarbonFootprint.swift */ = {isa = PBXFileReference; lastKnownFileType = sourcecode.swift; path = CarbonFootprint.swift; sourceTree = "<group>"; };
		55D1B8B62A1B2D58000A8346 /* Activity.swift */ = {isa = PBXFileReference; lastKnownFileType = sourcecode.swift; path = Activity.swift; sourceTree = "<group>"; };
		55D1B8B82A1B2E8A000A8346 /* FootprintConstant.swift */ = {isa = PBXFileReference; lastKnownFileType = sourcecode.swift; path = FootprintConstant.swift; sourceTree = "<group>"; };
		55D1B8BA2A1B9FE1000A8346 /* ActivityType.swift */ = {isa = PBXFileReference; lastKnownFileType = sourcecode.swift; path = ActivityType.swift; sourceTree = "<group>"; };
		55DCA5812A375294008A4DF2 /* FootprintValidation.swift */ = {isa = PBXFileReference; lastKnownFileType = sourcecode.swift; path = FootprintValidation.swift; sourceTree = "<group>"; };
		55DCA5832A3756F8008A4DF2 /* GoalProgressCategory.swift */ = {isa = PBXFileReference; lastKnownFileType = sourcecode.swift; path = GoalProgressCategory.swift; sourceTree = "<group>"; };
		55FAAE6C2A41861F00E58DED /* CarbonOffsetCalculator.swift */ = {isa = PBXFileReference; lastKnownFileType = sourcecode.swift; path = CarbonOffsetCalculator.swift; sourceTree = "<group>"; };
/* End PBXFileReference section */

/* Begin PBXFrameworksBuildPhase section */
		550E22962A0B67770047A491 /* Frameworks */ = {
			isa = PBXFrameworksBuildPhase;
			buildActionMask = 2147483647;
			files = (
			);
			runOnlyForDeploymentPostprocessing = 0;
		};
/* End PBXFrameworksBuildPhase section */

/* Begin PBXGroup section */
		550246BC2A14BD880091D796 /* Later */ = {
			isa = PBXGroup;
			children = (
				55B2E54D2A0B6FDA00E28469 /* Controller */,
				55B2E54C2A0B6FD300E28469 /* View */,
				55B2E54B2A0B6FCB00E28469 /* Model */,
			);
			path = Later;
			sourceTree = "<group>";
		};
		550246BD2A14BDA70091D796 /* menu-lodule */ = {
			isa = PBXGroup;
			children = (
				55F783F52A163309000E4158 /* Controller */,
				550246BF2A14BDC80091D796 /* View */,
			);
			path = "menu-lodule";
			sourceTree = "<group>";
		};
		550246BF2A14BDC80091D796 /* View */ = {
			isa = PBXGroup;
			children = (
				550246C02A14BDED0091D796 /* MenuLogicView.swift */,
			);
			path = View;
			sourceTree = "<group>";
		};
		550DDAD02A3062BC007F6B72 /* RefinedDataModal */ = {
			isa = PBXGroup;
			children = (
				550DDAD32A30631A007F6B72 /* EnergyData.swift */,
				550DDAD12A3062E8007F6B72 /* TransportData.swift */,
				550DDAD52A306357007F6B72 /* CarbonFootprintData.swift */,
				550DDAD92A3066DB007F6B72 /* EnumTypes */,
			);
			path = RefinedDataModal;
			sourceTree = "<group>";
		};
		550DDAD92A3066DB007F6B72 /* EnumTypes */ = {
			isa = PBXGroup;
			children = (
				550DDADA2A30A41F007F6B72 /* EmissionType.swift */,
				55DCA5832A3756F8008A4DF2 /* GoalProgressCategory.swift */,
			);
			path = EnumTypes;
			sourceTree = "<group>";
		};
		550E22902A0B67770047A491 = {
			isa = PBXGroup;
			children = (
				550E229B2A0B67770047A491 /* Carbon Footprint */,
				550E229A2A0B67770047A491 /* Products */,
			);
			sourceTree = "<group>";
		};
		550E229A2A0B67770047A491 /* Products */ = {
			isa = PBXGroup;
			children = (
				550E22992A0B67770047A491 /* Carbon Footprint */,
			);
			name = Products;
			sourceTree = "<group>";
		};
		550E229B2A0B67770047A491 /* Carbon Footprint */ = {
			isa = PBXGroup;
			children = (
				55D1B8A22A175608000A8346 /* carbon-offset-module-#1 */,
				556F28A62A3C31420053BFA3 /* carbon-offset-module-#2 */,
				5579A80A2A13B36800DF19B5 /* carbon-calculator-module */,
				5579A8122A13B93D00DF19B5 /* Constants */,
				55B19C5B2A1E1FF900402D03 /* carbon-goal-module */,
				550246BD2A14BDA70091D796 /* menu-lodule */,
				550E229C2A0B67770047A491 /* main.swift */,
				55854C5C2A0E088E00D00A88 /* login-module */,
				550246BC2A14BD880091D796 /* Later */,
			);
			path = "Carbon Footprint";
			sourceTree = "<group>";
		};
		554625DE2A0D16B90029A1C9 /* calculator-module */ = {
			isa = PBXGroup;
			children = (
				554625DA2A0D14430029A1C9 /* CFCalculatorOption.swift */,
				554625DF2A0D17120029A1C9 /* CFCarbonFootprinCalcModel.swift */,
			);
			path = "calculator-module";
			sourceTree = "<group>";
		};
		556F28A62A3C31420053BFA3 /* carbon-offset-module-#2 */ = {
			isa = PBXGroup;
			children = (
				556F28A92A3C31750053BFA3 /* Modal */,
				556F28A82A3C316E0053BFA3 /* View */,
				556F28A72A3C316B0053BFA3 /* Controller */,
			);
			path = "carbon-offset-module-#2";
			sourceTree = "<group>";
		};
		556F28A72A3C316B0053BFA3 /* Controller */ = {
			isa = PBXGroup;
			children = (
				556F28AA2A3C31E20053BFA3 /* CarbonOffsetFlowController.swift */,
			);
			path = Controller;
			sourceTree = "<group>";
		};
		556F28A82A3C316E0053BFA3 /* View */ = {
			isa = PBXGroup;
			children = (
				556F28AE2A3C33FE0053BFA3 /* CarbonOffsetConsoleView.swift */,
			);
			path = View;
			sourceTree = "<group>";
		};
		556F28A92A3C31750053BFA3 /* Modal */ = {
			isa = PBXGroup;
			children = (
				556F28B62A3C3A050053BFA3 /* RevampedCarbonCredit.swift */,
				55FAAE6C2A41861F00E58DED /* CarbonOffsetCalculator.swift */,
			);
			path = Modal;
			sourceTree = "<group>";
		};
		5579A80A2A13B36800DF19B5 /* carbon-calculator-module */ = {
			isa = PBXGroup;
			children = (
				5579A80D2A13B39300DF19B5 /* Controller */,
				5579A80C2A13B38B00DF19B5 /* Model */,
				5579A80B2A13B38500DF19B5 /* View */,
			);
			path = "carbon-calculator-module";
			sourceTree = "<group>";
		};
		5579A80B2A13B38500DF19B5 /* View */ = {
			isa = PBXGroup;
			children = (
				5579A8102A13B86300DF19B5 /* CFCalculatorView.swift */,
			);
			path = View;
			sourceTree = "<group>";
		};
		5579A80C2A13B38B00DF19B5 /* Model */ = {
			isa = PBXGroup;
			children = (
				550DDADC2A31AC0E007F6B72 /* RCarbonFootprint.swift */,
				550DDAD02A3062BC007F6B72 /* RefinedDataModal */,
				5579A80E2A13B41C00DF19B5 /* CarbonFootprintCalculator.swift */,
				55D1B8B42A1B2C65000A8346 /* CarbonFootprint.swift */,
				55D1B8B62A1B2D58000A8346 /* Activity.swift */,
				55D1B8B82A1B2E8A000A8346 /* FootprintConstant.swift */,
				55D1B8BA2A1B9FE1000A8346 /* ActivityType.swift */,
				550DDAC82A2F19FB007F6B72 /* TransportationType.swift */,
				550DDACA2A2F43E9007F6B72 /* ModeOfTransportMileage.swift */,
				550DDACC2A2F570F007F6B72 /* TransportMode.swift */,
			);
			path = Model;
			sourceTree = "<group>";
		};
		5579A80D2A13B39300DF19B5 /* Controller */ = {
			isa = PBXGroup;
			children = (
				5579A8152A14A3E500DF19B5 /* CFCalculatorController.swift */,
			);
			path = Controller;
			sourceTree = "<group>";
		};
		5579A8122A13B93D00DF19B5 /* Constants */ = {
			isa = PBXGroup;
			children = (
				5579A8132A13B95200DF19B5 /* CalculatorCategoryOption.swift */,
				550246B82A14B2C90091D796 /* UserInteraction.swift */,
				550246BA2A14BC8E0091D796 /* LoginOption.swift */,
				55DCA5812A375294008A4DF2 /* FootprintValidation.swift */,
			);
			path = Constants;
			sourceTree = "<group>";
		};
		55854C5C2A0E088E00D00A88 /* login-module */ = {
			isa = PBXGroup;
			children = (
				55854C5E2A0E08B000D00A88 /* Model */,
				55854C5D2A0E08A800D00A88 /* View */,
				55854C5F2A0E08B600D00A88 /* Controller */,
			);
			path = "login-module";
			sourceTree = "<group>";
		};
		55854C5D2A0E08A800D00A88 /* View */ = {
			isa = PBXGroup;
			children = (
				55B2E5502A0B70B900E28469 /* LogicView.swift */,
			);
			path = View;
			sourceTree = "<group>";
		};
		55854C5E2A0E08B000D00A88 /* Model */ = {
			isa = PBXGroup;
			children = (
				55B2E54E2A0B707900E28469 /* User.swift */,
				55854C602A0E12F400D00A88 /* CredentialController.swift */,
			);
			path = Model;
			sourceTree = "<group>";
		};
		55854C5F2A0E08B600D00A88 /* Controller */ = {
			isa = PBXGroup;
			children = (
				55B2E5522A0B72CE00E28469 /* LoginController.swift */,
			);
			path = Controller;
			sourceTree = "<group>";
		};
		55B19C5B2A1E1FF900402D03 /* carbon-goal-module */ = {
			isa = PBXGroup;
			children = (
				55B19C5E2A1E206B00402D03 /* Controller */,
				55B19C5D2A1E204200402D03 /* View */,
				55B19C5C2A1E203800402D03 /* Modal */,
			);
			path = "carbon-goal-module";
			sourceTree = "<group>";
		};
		55B19C5C2A1E203800402D03 /* Modal */ = {
			isa = PBXGroup;
			children = (
				55B19C5F2A1E20F800402D03 /* CarbonGoal.swift */,
				55B19C612A1E212100402D03 /* Goal.swift */,
			);
			path = Modal;
			sourceTree = "<group>";
		};
		55B19C5D2A1E204200402D03 /* View */ = {
			isa = PBXGroup;
			children = (
				55B19C692A1E44FE00402D03 /* GoalMenuView.swift */,
			);
			path = View;
			sourceTree = "<group>";
		};
		55B19C5E2A1E206B00402D03 /* Controller */ = {
			isa = PBXGroup;
			children = (
				55B19C632A1E43A400402D03 /* AddGoalController.swift */,
			);
			path = Controller;
			sourceTree = "<group>";
		};
		55B2E54B2A0B6FCB00E28469 /* Model */ = {
			isa = PBXGroup;
			children = (
				55B2E55A2A0B9E2200E28469 /* CarbonCoreData.xcdatamodeld */,
				554625DE2A0D16B90029A1C9 /* calculator-module */,
				55B2E5742A0BC6AF00E28469 /* user-model */,
				55B2E5712A0BC20800E28469 /* carbon-footprint-model */,
				554625D02A0CCB2C0029A1C9 /* MenuOption.swift */,
			);
			path = Model;
			sourceTree = "<group>";
		};
		55B2E54C2A0B6FD300E28469 /* View */ = {
			isa = PBXGroup;
			children = (
				55B2E5722A0BC32000E28469 /* InitialConsoleView.swift */,
				55B2E57A2A0BCC6E00E28469 /* ViewFlow.swift */,
			);
			path = View;
			sourceTree = "<group>";
		};
		55B2E54D2A0B6FDA00E28469 /* Controller */ = {
			isa = PBXGroup;
			children = (
				55B2E55D2A0BA1C100E28469 /* DataController.swift */,
				554625DC2A0D15760029A1C9 /* Co2eCalculatorController.swift */,
			);
			path = Controller;
			sourceTree = "<group>";
		};
		55B2E5712A0BC20800E28469 /* carbon-footprint-model */ = {
			isa = PBXGroup;
			children = (
				55B2E5692A0BAD9E00E28469 /* CarbonFootprintEntry.swift */,
				55B2E56F2A0BAE8E00E28469 /* CarbonFootprintCategory.swift */,
				554625D62A0CE8CF0029A1C9 /* CarbonFootprintModel.swift */,
			);
			path = "carbon-footprint-model";
			sourceTree = "<group>";
		};
		55B2E5742A0BC6AF00E28469 /* user-model */ = {
			isa = PBXGroup;
			children = (
			);
			path = "user-model";
			sourceTree = "<group>";
		};
		55D1B8A22A175608000A8346 /* carbon-offset-module-#1 */ = {
			isa = PBXGroup;
			children = (
				55D1B8A52A175666000A8346 /* Controller */,
				55D1B8A42A175662000A8346 /* View */,
				55D1B8A32A17565A000A8346 /* Modal */,
			);
			path = "carbon-offset-module-#1";
			sourceTree = "<group>";
		};
		55D1B8A32A17565A000A8346 /* Modal */ = {
			isa = PBXGroup;
			children = (
				55D1B8A82A175DB9000A8346 /* OffsetOption.swift */,
				55D1B8AC2A177C0F000A8346 /* OffsetManager.swift */,
				55D1B8AE2A177CAD000A8346 /* CarbonCredit.swift */,
			);
			path = Modal;
			sourceTree = "<group>";
		};
		55D1B8A42A175662000A8346 /* View */ = {
			isa = PBXGroup;
			children = (
				55D1B8A62A175A3D000A8346 /* CFOffsetView.swift */,
			);
			path = View;
			sourceTree = "<group>";
		};
		55D1B8A52A175666000A8346 /* Controller */ = {
			isa = PBXGroup;
			children = (
				55D1B8AA2A175E12000A8346 /* CFOffsetController.swift */,
			);
			path = Controller;
			sourceTree = "<group>";
		};
		55F783F52A163309000E4158 /* Controller */ = {
			isa = PBXGroup;
			children = (
				554625D42A0CCB9E0029A1C9 /* MenuController.swift */,
			);
			path = Controller;
			sourceTree = "<group>";
		};
/* End PBXGroup section */

/* Begin PBXNativeTarget section */
		550E22982A0B67770047A491 /* Carbon Footprint */ = {
			isa = PBXNativeTarget;
			buildConfigurationList = 550E22A02A0B67770047A491 /* Build configuration list for PBXNativeTarget "Carbon Footprint" */;
			buildPhases = (
				550E22952A0B67770047A491 /* Sources */,
				550E22962A0B67770047A491 /* Frameworks */,
				550E22972A0B67770047A491 /* CopyFiles */,
			);
			buildRules = (
			);
			dependencies = (
			);
			name = "Carbon Footprint";
			productName = "Carbon Footprint";
			productReference = 550E22992A0B67770047A491 /* Carbon Footprint */;
			productType = "com.apple.product-type.tool";
		};
/* End PBXNativeTarget section */

/* Begin PBXProject section */
		550E22912A0B67770047A491 /* Project object */ = {
			isa = PBXProject;
			attributes = {
				BuildIndependentTargetsInParallel = 1;
				LastSwiftUpdateCheck = 1420;
				LastUpgradeCheck = 1430;
				TargetAttributes = {
					550E22982A0B67770047A491 = {
						CreatedOnToolsVersion = 14.2;
					};
				};
			};
			buildConfigurationList = 550E22942A0B67770047A491 /* Build configuration list for PBXProject "Carbon Footprint" */;
			compatibilityVersion = "Xcode 14.0";
			developmentRegion = en;
			hasScannedForEncodings = 0;
			knownRegions = (
				en,
				Base,
			);
			mainGroup = 550E22902A0B67770047A491;
			productRefGroup = 550E229A2A0B67770047A491 /* Products */;
			projectDirPath = "";
			projectRoot = "";
			targets = (
				550E22982A0B67770047A491 /* Carbon Footprint */,
			);
		};
/* End PBXProject section */

/* Begin PBXSourcesBuildPhase section */
		550E22952A0B67770047A491 /* Sources */ = {
			isa = PBXSourcesBuildPhase;
			buildActionMask = 2147483647;
			files = (
				55B2E55E2A0BA1C100E28469 /* DataController.swift in Sources */,
				55B2E5732A0BC32000E28469 /* InitialConsoleView.swift in Sources */,
				5579A8142A13B95200DF19B5 /* CalculatorCategoryOption.swift in Sources */,
				55D1B8AD2A177C0F000A8346 /* OffsetManager.swift in Sources */,
				554625D52A0CCB9E0029A1C9 /* MenuController.swift in Sources */,
				550246C12A14BDED0091D796 /* MenuLogicView.swift in Sources */,
				550DDAD62A306357007F6B72 /* CarbonFootprintData.swift in Sources */,
				554625D72A0CE8CF0029A1C9 /* CarbonFootprintModel.swift in Sources */,
				554625DB2A0D14430029A1C9 /* CFCalculatorOption.swift in Sources */,
				550246BB2A14BC8E0091D796 /* LoginOption.swift in Sources */,
				550DDADD2A31AC0E007F6B72 /* RCarbonFootprint.swift in Sources */,
				55D1B8B92A1B2E8A000A8346 /* FootprintConstant.swift in Sources */,
				55DCA5842A3756F8008A4DF2 /* GoalProgressCategory.swift in Sources */,
				550DDACB2A2F43E9007F6B72 /* ModeOfTransportMileage.swift in Sources */,
				55B2E5512A0B70B900E28469 /* LogicView.swift in Sources */,
				55D1B8B52A1B2C65000A8346 /* CarbonFootprint.swift in Sources */,
				55B2E57B2A0BCC6E00E28469 /* ViewFlow.swift in Sources */,
				550DDAD42A30631A007F6B72 /* EnergyData.swift in Sources */,
				55B2E5532A0B72CE00E28469 /* LoginController.swift in Sources */,
				55B2E54F2A0B707900E28469 /* User.swift in Sources */,
				554625E02A0D17120029A1C9 /* CFCarbonFootprinCalcModel.swift in Sources */,
				55B19C622A1E212100402D03 /* Goal.swift in Sources */,
				55D1B8A92A175DB9000A8346 /* OffsetOption.swift in Sources */,
				5579A80F2A13B41C00DF19B5 /* CarbonFootprintCalculator.swift in Sources */,
				5579A8112A13B86300DF19B5 /* CFCalculatorView.swift in Sources */,
				556F28AF2A3C33FE0053BFA3 /* CarbonOffsetConsoleView.swift in Sources */,
				554625DD2A0D15760029A1C9 /* Co2eCalculatorController.swift in Sources */,
				55D1B8B72A1B2D58000A8346 /* Activity.swift in Sources */,
				554625D12A0CCB2C0029A1C9 /* MenuOption.swift in Sources */,
				55B19C6A2A1E44FE00402D03 /* GoalMenuView.swift in Sources */,
				55D1B8BB2A1B9FE1000A8346 /* ActivityType.swift in Sources */,
				55D1B8AF2A177CAD000A8346 /* CarbonCredit.swift in Sources */,
				55DCA5822A375294008A4DF2 /* FootprintValidation.swift in Sources */,
				556F28AB2A3C31E20053BFA3 /* CarbonOffsetFlowController.swift in Sources */,
				550246B92A14B2C90091D796 /* UserInteraction.swift in Sources */,
				55854C612A0E12F400D00A88 /* CredentialController.swift in Sources */,
				55B19C642A1E43A400402D03 /* AddGoalController.swift in Sources */,
				550DDADB2A30A41F007F6B72 /* EmissionType.swift in Sources */,
				550DDAD22A3062E8007F6B72 /* TransportData.swift in Sources */,
				55D1B8A72A175A3D000A8346 /* CFOffsetView.swift in Sources */,
				55B2E5702A0BAE8E00E28469 /* CarbonFootprintCategory.swift in Sources */,
				556F28B72A3C3A050053BFA3 /* RevampedCarbonCredit.swift in Sources */,
				550DDACD2A2F570F007F6B72 /* TransportMode.swift in Sources */,
				5579A8162A14A3E500DF19B5 /* CFCalculatorController.swift in Sources */,
				55B19C602A1E20F800402D03 /* CarbonGoal.swift in Sources */,
				550E229D2A0B67770047A491 /* main.swift in Sources */,
				550DDAC92A2F19FB007F6B72 /* TransportationType.swift in Sources */,
				55B2E56A2A0BAD9E00E28469 /* CarbonFootprintEntry.swift in Sources */,
				55B2E55C2A0B9E2200E28469 /* CarbonCoreData.xcdatamodeld in Sources */,
				55FAAE6D2A41861F00E58DED /* CarbonOffsetCalculator.swift in Sources */,
				55D1B8AB2A175E12000A8346 /* CFOffsetController.swift in Sources */,
			);
			runOnlyForDeploymentPostprocessing = 0;
		};
/* End PBXSourcesBuildPhase section */

/* Begin XCBuildConfiguration section */
		550E229E2A0B67770047A491 /* Debug */ = {
			isa = XCBuildConfiguration;
			buildSettings = {
				ALWAYS_SEARCH_USER_PATHS = NO;
				CLANG_ANALYZER_NONNULL = YES;
				CLANG_ANALYZER_NUMBER_OBJECT_CONVERSION = YES_AGGRESSIVE;
				CLANG_CXX_LANGUAGE_STANDARD = "gnu++20";
				CLANG_ENABLE_MODULES = YES;
				CLANG_ENABLE_OBJC_ARC = YES;
				CLANG_ENABLE_OBJC_WEAK = YES;
				CLANG_WARN_BLOCK_CAPTURE_AUTORELEASING = YES;
				CLANG_WARN_BOOL_CONVERSION = YES;
				CLANG_WARN_COMMA = YES;
				CLANG_WARN_CONSTANT_CONVERSION = YES;
				CLANG_WARN_DEPRECATED_OBJC_IMPLEMENTATIONS = YES;
				CLANG_WARN_DIRECT_OBJC_ISA_USAGE = YES_ERROR;
				CLANG_WARN_DOCUMENTATION_COMMENTS = YES;
				CLANG_WARN_EMPTY_BODY = YES;
				CLANG_WARN_ENUM_CONVERSION = YES;
				CLANG_WARN_INFINITE_RECURSION = YES;
				CLANG_WARN_INT_CONVERSION = YES;
				CLANG_WARN_NON_LITERAL_NULL_CONVERSION = YES;
				CLANG_WARN_OBJC_IMPLICIT_RETAIN_SELF = YES;
				CLANG_WARN_OBJC_LITERAL_CONVERSION = YES;
				CLANG_WARN_OBJC_ROOT_CLASS = YES_ERROR;
				CLANG_WARN_QUOTED_INCLUDE_IN_FRAMEWORK_HEADER = YES;
				CLANG_WARN_RANGE_LOOP_ANALYSIS = YES;
				CLANG_WARN_STRICT_PROTOTYPES = YES;
				CLANG_WARN_SUSPICIOUS_MOVE = YES;
				CLANG_WARN_UNGUARDED_AVAILABILITY = YES_AGGRESSIVE;
				CLANG_WARN_UNREACHABLE_CODE = YES;
				CLANG_WARN__DUPLICATE_METHOD_MATCH = YES;
				COPY_PHASE_STRIP = NO;
				DEAD_CODE_STRIPPING = YES;
				DEBUG_INFORMATION_FORMAT = dwarf;
				ENABLE_STRICT_OBJC_MSGSEND = YES;
				ENABLE_TESTABILITY = YES;
				GCC_C_LANGUAGE_STANDARD = gnu11;
				GCC_DYNAMIC_NO_PIC = NO;
				GCC_NO_COMMON_BLOCKS = YES;
				GCC_OPTIMIZATION_LEVEL = 0;
				GCC_PREPROCESSOR_DEFINITIONS = (
					"DEBUG=1",
					"$(inherited)",
				);
				GCC_WARN_64_TO_32_BIT_CONVERSION = YES;
				GCC_WARN_ABOUT_RETURN_TYPE = YES_ERROR;
				GCC_WARN_UNDECLARED_SELECTOR = YES;
				GCC_WARN_UNINITIALIZED_AUTOS = YES_AGGRESSIVE;
				GCC_WARN_UNUSED_FUNCTION = YES;
				GCC_WARN_UNUSED_VARIABLE = YES;
				MACOSX_DEPLOYMENT_TARGET = 13.1;
				MTL_ENABLE_DEBUG_INFO = INCLUDE_SOURCE;
				MTL_FAST_MATH = YES;
				ONLY_ACTIVE_ARCH = YES;
				SDKROOT = macosx;
				SWIFT_ACTIVE_COMPILATION_CONDITIONS = DEBUG;
				SWIFT_OPTIMIZATION_LEVEL = "-Onone";
			};
			name = Debug;
		};
		550E229F2A0B67770047A491 /* Release */ = {
			isa = XCBuildConfiguration;
			buildSettings = {
				ALWAYS_SEARCH_USER_PATHS = NO;
				CLANG_ANALYZER_NONNULL = YES;
				CLANG_ANALYZER_NUMBER_OBJECT_CONVERSION = YES_AGGRESSIVE;
				CLANG_CXX_LANGUAGE_STANDARD = "gnu++20";
				CLANG_ENABLE_MODULES = YES;
				CLANG_ENABLE_OBJC_ARC = YES;
				CLANG_ENABLE_OBJC_WEAK = YES;
				CLANG_WARN_BLOCK_CAPTURE_AUTORELEASING = YES;
				CLANG_WARN_BOOL_CONVERSION = YES;
				CLANG_WARN_COMMA = YES;
				CLANG_WARN_CONSTANT_CONVERSION = YES;
				CLANG_WARN_DEPRECATED_OBJC_IMPLEMENTATIONS = YES;
				CLANG_WARN_DIRECT_OBJC_ISA_USAGE = YES_ERROR;
				CLANG_WARN_DOCUMENTATION_COMMENTS = YES;
				CLANG_WARN_EMPTY_BODY = YES;
				CLANG_WARN_ENUM_CONVERSION = YES;
				CLANG_WARN_INFINITE_RECURSION = YES;
				CLANG_WARN_INT_CONVERSION = YES;
				CLANG_WARN_NON_LITERAL_NULL_CONVERSION = YES;
				CLANG_WARN_OBJC_IMPLICIT_RETAIN_SELF = YES;
				CLANG_WARN_OBJC_LITERAL_CONVERSION = YES;
				CLANG_WARN_OBJC_ROOT_CLASS = YES_ERROR;
				CLANG_WARN_QUOTED_INCLUDE_IN_FRAMEWORK_HEADER = YES;
				CLANG_WARN_RANGE_LOOP_ANALYSIS = YES;
				CLANG_WARN_STRICT_PROTOTYPES = YES;
				CLANG_WARN_SUSPICIOUS_MOVE = YES;
				CLANG_WARN_UNGUARDED_AVAILABILITY = YES_AGGRESSIVE;
				CLANG_WARN_UNREACHABLE_CODE = YES;
				CLANG_WARN__DUPLICATE_METHOD_MATCH = YES;
				COPY_PHASE_STRIP = NO;
				DEAD_CODE_STRIPPING = YES;
				DEBUG_INFORMATION_FORMAT = "dwarf-with-dsym";
				ENABLE_NS_ASSERTIONS = NO;
				ENABLE_STRICT_OBJC_MSGSEND = YES;
				GCC_C_LANGUAGE_STANDARD = gnu11;
				GCC_NO_COMMON_BLOCKS = YES;
				GCC_WARN_64_TO_32_BIT_CONVERSION = YES;
				GCC_WARN_ABOUT_RETURN_TYPE = YES_ERROR;
				GCC_WARN_UNDECLARED_SELECTOR = YES;
				GCC_WARN_UNINITIALIZED_AUTOS = YES_AGGRESSIVE;
				GCC_WARN_UNUSED_FUNCTION = YES;
				GCC_WARN_UNUSED_VARIABLE = YES;
				MACOSX_DEPLOYMENT_TARGET = 13.1;
				MTL_ENABLE_DEBUG_INFO = NO;
				MTL_FAST_MATH = YES;
				SDKROOT = macosx;
				SWIFT_COMPILATION_MODE = wholemodule;
				SWIFT_OPTIMIZATION_LEVEL = "-O";
			};
			name = Release;
		};
		550E22A12A0B67770047A491 /* Debug */ = {
			isa = XCBuildConfiguration;
			buildSettings = {
				CODE_SIGN_STYLE = Automatic;
				DEAD_CODE_STRIPPING = YES;
				DEVELOPMENT_TEAM = VVZ8G92URG;
				ENABLE_HARDENED_RUNTIME = YES;
				PRODUCT_NAME = "$(TARGET_NAME)";
				SWIFT_VERSION = 5.0;
			};
			name = Debug;
		};
		550E22A22A0B67770047A491 /* Release */ = {
			isa = XCBuildConfiguration;
			buildSettings = {
				CODE_SIGN_STYLE = Automatic;
				DEAD_CODE_STRIPPING = YES;
				DEVELOPMENT_TEAM = VVZ8G92URG;
				ENABLE_HARDENED_RUNTIME = YES;
				PRODUCT_NAME = "$(TARGET_NAME)";
				SWIFT_VERSION = 5.0;
			};
			name = Release;
		};
/* End XCBuildConfiguration section */

/* Begin XCConfigurationList section */
		550E22942A0B67770047A491 /* Build configuration list for PBXProject "Carbon Footprint" */ = {
			isa = XCConfigurationList;
			buildConfigurations = (
				550E229E2A0B67770047A491 /* Debug */,
				550E229F2A0B67770047A491 /* Release */,
			);
			defaultConfigurationIsVisible = 0;
			defaultConfigurationName = Release;
		};
		550E22A02A0B67770047A491 /* Build configuration list for PBXNativeTarget "Carbon Footprint" */ = {
			isa = XCConfigurationList;
			buildConfigurations = (
				550E22A12A0B67770047A491 /* Debug */,
				550E22A22A0B67770047A491 /* Release */,
			);
			defaultConfigurationIsVisible = 0;
			defaultConfigurationName = Release;
		};
/* End XCConfigurationList section */

/* Begin XCVersionGroup section */
		55B2E55A2A0B9E2200E28469 /* CarbonCoreData.xcdatamodeld */ = {
			isa = XCVersionGroup;
			children = (
				55B2E55B2A0B9E2200E28469 /* CarbonCoreData.xcdatamodel */,
			);
			currentVersion = 55B2E55B2A0B9E2200E28469 /* CarbonCoreData.xcdatamodel */;
			path = CarbonCoreData.xcdatamodeld;
			sourceTree = "<group>";
			versionGroupType = wrapper.xcdatamodel;
		};
/* End XCVersionGroup section */
	};
	rootObject = 550E22912A0B67770047A491 /* Project object */;
}
